
Microsoft Visual Studio Solution File, Format Version 12.00
# Visual Studio Version 17
VisualStudioVersion = 17.14.36414.22
MinimumVisualStudioVersion = 10.0.40219.1
Project("{FAE04EC0-301F-11D3-BF4B-00C04F79EFBC}") = "DyeDurhamLexicalSortEngine.Console", "..\DyeDurhamLexicalSortEngine.Console\DyeDurhamLexicalSortEngine.Console.csproj", "{C903CB1B-62A2-4173-9E31-86FEF307036B}"
EndProject
Project("{FAE04EC0-301F-11D3-BF4B-00C04F79EFBC}") = "DyeDurhamLexicalSortEngine.Domain", "..\DyeDurhamLexicalSortEngine.Domain\DyeDurhamLexicalSortEngine.Domain.csproj", "{2EC6E326-67C5-4DC9-ADEC-00D454BDB20A}"
EndProject
Project("{FAE04EC0-301F-11D3-BF4B-00C04F79EFBC}") = "DyeDurhamLexicalSortEngine.Infrastructure", "..\DyeDurhamLexicalSortEngine.Infrastructure\DyeDurhamLexicalSortEngine.Infrastructure.csproj", "{1762C4C4-A98C-4CF3-A760-D8FB7900939B}"
EndProject
Project("{2150E333-8FDC-42A3-9474-1A3956D46DE8}") = "Test", "Test", "{02EA681E-C7D8-13C7-8484-4AC65E1B71E8}"
EndProject
Project("{FAE04EC0-301F-11D3-BF4B-00C04F79EFBC}") = "Infrastructure.Test", "Infrastructure.Test\Infrastructure.Test.csproj", "{5F1E559B-8233-4632-968F-8CD4802B3536}"
EndProject
Global
	GlobalSection(SolutionConfigurationPlatforms) = preSolution
		Debug|Any CPU = Debug|Any CPU
		Release|Any CPU = Release|Any CPU
	EndGlobalSection
	GlobalSection(ProjectConfigurationPlatforms) = postSolution
		{C903CB1B-62A2-4173-9E31-86FEF307036B}.Debug|Any CPU.ActiveCfg = Debug|Any CPU
		{C903CB1B-62A2-4173-9E31-86FEF307036B}.Debug|Any CPU.Build.0 = Debug|Any CPU
		{C903CB1B-62A2-4173-9E31-86FEF307036B}.Release|Any CPU.ActiveCfg = Release|Any CPU
		{C903CB1B-62A2-4173-9E31-86FEF307036B}.Release|Any CPU.Build.0 = Release|Any CPU
		{2EC6E326-67C5-4DC9-ADEC-00D454BDB20A}.Debug|Any CPU.ActiveCfg = Debug|Any CPU
		{2EC6E326-67C5-4DC9-ADEC-00D454BDB20A}.Debug|Any CPU.Build.0 = Debug|Any CPU
		{2EC6E326-67C5-4DC9-ADEC-00D454BDB20A}.Release|Any CPU.ActiveCfg = Release|Any CPU
		{2EC6E326-67C5-4DC9-ADEC-00D454BDB20A}.Release|Any CPU.Build.0 = Release|Any CPU
		{1762C4C4-A98C-4CF3-A760-D8FB7900939B}.Debug|Any CPU.ActiveCfg = Debug|Any CPU
		{1762C4C4-A98C-4CF3-A760-D8FB7900939B}.Debug|Any CPU.Build.0 = Debug|Any CPU
		{1762C4C4-A98C-4CF3-A760-D8FB7900939B}.Release|Any CPU.ActiveCfg = Release|Any CPU
		{1762C4C4-A98C-4CF3-A760-D8FB7900939B}.Release|Any CPU.Build.0 = Release|Any CPU
		{5F1E559B-8233-4632-968F-8CD4802B3536}.Debug|Any CPU.ActiveCfg = Debug|Any CPU
		{5F1E559B-8233-4632-968F-8CD4802B3536}.Debug|Any CPU.Build.0 = Debug|Any CPU
		{5F1E559B-8233-4632-968F-8CD4802B3536}.Release|Any CPU.ActiveCfg = Release|Any CPU
		{5F1E559B-8233-4632-968F-8CD4802B3536}.Release|Any CPU.Build.0 = Release|Any CPU
	EndGlobalSection
	GlobalSection(SolutionProperties) = preSolution
		HideSolutionNode = FALSE
	EndGlobalSection
	GlobalSection(NestedProjects) = preSolution
		{5F1E559B-8233-4632-968F-8CD4802B3536} = {02EA681E-C7D8-13C7-8484-4AC65E1B71E8}
	EndGlobalSection
	GlobalSection(ExtensibilityGlobals) = postSolution
		SolutionGuid = {D07B8DCF-67F8-462E-95B2-8980DC9A6C8F}
	EndGlobalSection
EndGlobal
